{
    "name": "@novacbn/svelte-image-crop",
    "version": "0.0.2",
    "lockfileVersion": 2,
    "requires": true,
    "packages": {
        "": {
            "name": "@novacbn/svelte-image-crop",
            "version": "0.0.2",
            "devDependencies": {
                "prettier": "^2.3.0",
                "svelte": "^3.38.2"
            },
            "engines": {
                "node": ">= 12.17.0"
            }
        },
        "node_modules/prettier": {
            "version": "2.3.0",
            "resolved": "https://registry.npmjs.org/prettier/-/prettier-2.3.0.tgz",
            "integrity": "sha512-kXtO4s0Lz/DW/IJ9QdWhAf7/NmPWQXkFr/r/WkR3vyI+0v8amTDxiaQSLzs8NBlytfLWX/7uQUMIW677yLKl4w==",
            "dev": true,
            "bin": {
                "prettier": "bin-prettier.js"
            },
            "engines": {
                "node": ">=10.13.0"
            }
        },
        "node_modules/svelte": {
            "version": "3.38.2",
            "resolved": "https://registry.npmjs.org/svelte/-/svelte-3.38.2.tgz",
            "integrity": "sha512-q5Dq0/QHh4BLJyEVWGe7Cej5NWs040LWjMbicBGZ+3qpFWJ1YObRmUDZKbbovddLC9WW7THTj3kYbTOFmU9fbg==",
            "dev": true,
            "engines": {
                "node": ">= 8"
            }
        }
    },
    "dependencies": {
        "prettier": {
            "version": "2.3.0",
            "resolved": "https://registry.npmjs.org/prettier/-/prettier-2.3.0.tgz",
            "integrity": "sha512-kXtO4s0Lz/DW/IJ9QdWhAf7/NmPWQXkFr/r/WkR3vyI+0v8amTDxiaQSLzs8NBlytfLWX/7uQUMIW677yLKl4w==",
            "dev": true
        },
        "svelte": {
            "version": "3.38.2",
            "resolved": "https://registry.npmjs.org/svelte/-/svelte-3.38.2.tgz",
            "integrity": "sha512-q5Dq0/QHh4BLJyEVWGe7Cej5NWs040LWjMbicBGZ+3qpFWJ1YObRmUDZKbbovddLC9WW7THTj3kYbTOFmU9fbg==",
            "dev": true
        }
    }
}
